
Microsoft Visual Studio Solution File, Format Version 12.00
# Visual Studio Version 17
VisualStudioVersion = 17.11.35303.130
MinimumVisualStudioVersion = 10.0.40219.1
Project("{9A19103F-16F7-4668-BE54-9A1E7A4F7556}") = "Catalog.API", "src\Services\Catalog\Catalog.API\Catalog.API.csproj", "{37AF90A0-A132-4195-A4C9-B627EACCA671}"
EndProject
Project("{E53339B2-1760-4266-BCC7-CA923CBCF16C}") = "docker-compose", "src\eshop-microservices\docker-compose.dcproj", "{4878415D-BE7A-4EEE-A2FD-47127683C06E}"
EndProject
Project("{2150E333-8FDC-42A3-9474-1A3956D46DE8}") = "Services", "Services", "{7DFAFE6F-CCF7-48C1-8F84-FC72E2003482}"
EndProject
Project("{2150E333-8FDC-42A3-9474-1A3956D46DE8}") = "Catalog", "Catalog", "{E7EEE39A-1FEB-46FD-99FF-F3F45A992AFA}"
EndProject
Project("{2150E333-8FDC-42A3-9474-1A3956D46DE8}") = "Basket", "Basket", "{504666E6-CE1B-4EE8-9087-4BE833939382}"
EndProject
Project("{9A19103F-16F7-4668-BE54-9A1E7A4F7556}") = "Basket.API", "src\Services\Basket\Basket.API\Basket.API.csproj", "{80920CF1-6312-47A8-9E0E-65742A816819}"
EndProject
Project("{2150E333-8FDC-42A3-9474-1A3956D46DE8}") = "Discount", "Discount", "{1ABB0E7A-1D70-4C2C-B6C3-AA7A793FD72B}"
EndProject
Project("{9A19103F-16F7-4668-BE54-9A1E7A4F7556}") = "Discount.Grpc", "src\Services\Discount\Discount.Grpc\Discount.Grpc.csproj", "{B63EFE8B-37A5-4A0D-825E-EEE92E2B48BD}"
EndProject
Project("{2150E333-8FDC-42A3-9474-1A3956D46DE8}") = "Ordering", "Ordering", "{4FBE384D-8C37-497D-BF73-ACCC828C9F70}"
EndProject
Project("{9A19103F-16F7-4668-BE54-9A1E7A4F7556}") = "Ordering.API", "src\Services\Ordering\Ordering.API\Ordering.API.csproj", "{571410ED-EA75-450C-8CF7-99053E8E9572}"
EndProject
Project("{9A19103F-16F7-4668-BE54-9A1E7A4F7556}") = "Ordering.Domain", "src\Services\Ordering\Ordering.Domain\Ordering.Domain.csproj", "{669D966E-7ADC-4933-90EA-2FC197662B57}"
EndProject
Project("{9A19103F-16F7-4668-BE54-9A1E7A4F7556}") = "Ordering.Application", "src\Services\Ordering\Ordering.Application\Ordering.Application.csproj", "{2FD61E0E-BA25-4D11-8084-A9FDB43B1E80}"
EndProject
Project("{9A19103F-16F7-4668-BE54-9A1E7A4F7556}") = "Ordering.Infrastructure", "src\Services\Ordering\Ordering.Infrastructure\Ordering.Infrastructure.csproj", "{5C15D15E-150A-4B26-8627-06C47943CACE}"
EndProject
Project("{2150E333-8FDC-42A3-9474-1A3956D46DE8}") = "BiuildingBlocks", "BiuildingBlocks", "{11227260-FB0C-4917-8090-016B7DB0A832}"
EndProject
Project("{9A19103F-16F7-4668-BE54-9A1E7A4F7556}") = "BuildingBlocks", "src\BuildingBlocks\BuildingBlocks.csproj", "{F8459F98-31AB-4D2C-B459-F371E86408CF}"
EndProject
Project("{FAE04EC0-301F-11D3-BF4B-00C04F79EFBC}") = "BuildingBlocks.Messaging", "src\BuildingBlocks.Messaging\BuildingBlocks.Messaging.csproj", "{84D1A1E1-4025-4F9B-8460-738CC12C48C3}"
EndProject
Global
	GlobalSection(SolutionConfigurationPlatforms) = preSolution
		Debug|Any CPU = Debug|Any CPU
		Release|Any CPU = Release|Any CPU
	EndGlobalSection
	GlobalSection(ProjectConfigurationPlatforms) = postSolution
		{37AF90A0-A132-4195-A4C9-B627EACCA671}.Debug|Any CPU.ActiveCfg = Debug|Any CPU
		{37AF90A0-A132-4195-A4C9-B627EACCA671}.Debug|Any CPU.Build.0 = Debug|Any CPU
		{37AF90A0-A132-4195-A4C9-B627EACCA671}.Release|Any CPU.ActiveCfg = Release|Any CPU
		{37AF90A0-A132-4195-A4C9-B627EACCA671}.Release|Any CPU.Build.0 = Release|Any CPU
		{4878415D-BE7A-4EEE-A2FD-47127683C06E}.Debug|Any CPU.ActiveCfg = Debug|Any CPU
		{4878415D-BE7A-4EEE-A2FD-47127683C06E}.Debug|Any CPU.Build.0 = Debug|Any CPU
		{4878415D-BE7A-4EEE-A2FD-47127683C06E}.Release|Any CPU.ActiveCfg = Release|Any CPU
		{4878415D-BE7A-4EEE-A2FD-47127683C06E}.Release|Any CPU.Build.0 = Release|Any CPU
		{80920CF1-6312-47A8-9E0E-65742A816819}.Debug|Any CPU.ActiveCfg = Debug|Any CPU
		{80920CF1-6312-47A8-9E0E-65742A816819}.Debug|Any CPU.Build.0 = Debug|Any CPU
		{80920CF1-6312-47A8-9E0E-65742A816819}.Release|Any CPU.ActiveCfg = Release|Any CPU
		{80920CF1-6312-47A8-9E0E-65742A816819}.Release|Any CPU.Build.0 = Release|Any CPU
		{B63EFE8B-37A5-4A0D-825E-EEE92E2B48BD}.Debug|Any CPU.ActiveCfg = Debug|Any CPU
		{B63EFE8B-37A5-4A0D-825E-EEE92E2B48BD}.Debug|Any CPU.Build.0 = Debug|Any CPU
		{B63EFE8B-37A5-4A0D-825E-EEE92E2B48BD}.Release|Any CPU.ActiveCfg = Release|Any CPU
		{B63EFE8B-37A5-4A0D-825E-EEE92E2B48BD}.Release|Any CPU.Build.0 = Release|Any CPU
		{571410ED-EA75-450C-8CF7-99053E8E9572}.Debug|Any CPU.ActiveCfg = Debug|Any CPU
		{571410ED-EA75-450C-8CF7-99053E8E9572}.Debug|Any CPU.Build.0 = Debug|Any CPU
		{571410ED-EA75-450C-8CF7-99053E8E9572}.Release|Any CPU.ActiveCfg = Release|Any CPU
		{571410ED-EA75-450C-8CF7-99053E8E9572}.Release|Any CPU.Build.0 = Release|Any CPU
		{669D966E-7ADC-4933-90EA-2FC197662B57}.Debug|Any CPU.ActiveCfg = Debug|Any CPU
		{669D966E-7ADC-4933-90EA-2FC197662B57}.Debug|Any CPU.Build.0 = Debug|Any CPU
		{669D966E-7ADC-4933-90EA-2FC197662B57}.Release|Any CPU.ActiveCfg = Release|Any CPU
		{669D966E-7ADC-4933-90EA-2FC197662B57}.Release|Any CPU.Build.0 = Release|Any CPU
		{2FD61E0E-BA25-4D11-8084-A9FDB43B1E80}.Debug|Any CPU.ActiveCfg = Debug|Any CPU
		{2FD61E0E-BA25-4D11-8084-A9FDB43B1E80}.Debug|Any CPU.Build.0 = Debug|Any CPU
		{2FD61E0E-BA25-4D11-8084-A9FDB43B1E80}.Release|Any CPU.ActiveCfg = Release|Any CPU
		{2FD61E0E-BA25-4D11-8084-A9FDB43B1E80}.Release|Any CPU.Build.0 = Release|Any CPU
		{5C15D15E-150A-4B26-8627-06C47943CACE}.Debug|Any CPU.ActiveCfg = Debug|Any CPU
		{5C15D15E-150A-4B26-8627-06C47943CACE}.Debug|Any CPU.Build.0 = Debug|Any CPU
		{5C15D15E-150A-4B26-8627-06C47943CACE}.Release|Any CPU.ActiveCfg = Release|Any CPU
		{5C15D15E-150A-4B26-8627-06C47943CACE}.Release|Any CPU.Build.0 = Release|Any CPU
		{F8459F98-31AB-4D2C-B459-F371E86408CF}.Debug|Any CPU.ActiveCfg = Debug|Any CPU
		{F8459F98-31AB-4D2C-B459-F371E86408CF}.Debug|Any CPU.Build.0 = Debug|Any CPU
		{F8459F98-31AB-4D2C-B459-F371E86408CF}.Release|Any CPU.ActiveCfg = Release|Any CPU
		{F8459F98-31AB-4D2C-B459-F371E86408CF}.Release|Any CPU.Build.0 = Release|Any CPU
		{84D1A1E1-4025-4F9B-8460-738CC12C48C3}.Debug|Any CPU.ActiveCfg = Debug|Any CPU
		{84D1A1E1-4025-4F9B-8460-738CC12C48C3}.Debug|Any CPU.Build.0 = Debug|Any CPU
		{84D1A1E1-4025-4F9B-8460-738CC12C48C3}.Release|Any CPU.ActiveCfg = Release|Any CPU
		{84D1A1E1-4025-4F9B-8460-738CC12C48C3}.Release|Any CPU.Build.0 = Release|Any CPU
	EndGlobalSection
	GlobalSection(SolutionProperties) = preSolution
		HideSolutionNode = FALSE
	EndGlobalSection
	GlobalSection(NestedProjects) = preSolution
		{37AF90A0-A132-4195-A4C9-B627EACCA671} = {E7EEE39A-1FEB-46FD-99FF-F3F45A992AFA}
		{E7EEE39A-1FEB-46FD-99FF-F3F45A992AFA} = {7DFAFE6F-CCF7-48C1-8F84-FC72E2003482}
		{504666E6-CE1B-4EE8-9087-4BE833939382} = {7DFAFE6F-CCF7-48C1-8F84-FC72E2003482}
		{80920CF1-6312-47A8-9E0E-65742A816819} = {504666E6-CE1B-4EE8-9087-4BE833939382}
		{1ABB0E7A-1D70-4C2C-B6C3-AA7A793FD72B} = {7DFAFE6F-CCF7-48C1-8F84-FC72E2003482}
		{B63EFE8B-37A5-4A0D-825E-EEE92E2B48BD} = {1ABB0E7A-1D70-4C2C-B6C3-AA7A793FD72B}
		{4FBE384D-8C37-497D-BF73-ACCC828C9F70} = {7DFAFE6F-CCF7-48C1-8F84-FC72E2003482}
		{571410ED-EA75-450C-8CF7-99053E8E9572} = {4FBE384D-8C37-497D-BF73-ACCC828C9F70}
		{669D966E-7ADC-4933-90EA-2FC197662B57} = {4FBE384D-8C37-497D-BF73-ACCC828C9F70}
		{2FD61E0E-BA25-4D11-8084-A9FDB43B1E80} = {4FBE384D-8C37-497D-BF73-ACCC828C9F70}
		{5C15D15E-150A-4B26-8627-06C47943CACE} = {4FBE384D-8C37-497D-BF73-ACCC828C9F70}
		{F8459F98-31AB-4D2C-B459-F371E86408CF} = {11227260-FB0C-4917-8090-016B7DB0A832}
		{84D1A1E1-4025-4F9B-8460-738CC12C48C3} = {11227260-FB0C-4917-8090-016B7DB0A832}
	EndGlobalSection
	GlobalSection(ExtensibilityGlobals) = postSolution
		SolutionGuid = {5D4AC62A-7D8D-4AA4-8262-F7872D774CAD}
	EndGlobalSection
EndGlobal
